
Microsoft Visual Studio Solution File, Format Version 12.00
# Visual Studio Version 17
VisualStudioVersion = 17.13.35818.85
MinimumVisualStudioVersion = 10.0.40219.1
Project("{FAE04EC0-301F-11D3-BF4B-00C04F79EFBC}") = "OOPNKatman_BussinessKatman", "OOPNKatman_BussinessKatman\OOPNKatman_BussinessKatman.csproj", "{0A9E2A0C-6AE9-4A05-963F-44875F107FD6}"
EndProject
Project("{FAE04EC0-301F-11D3-BF4B-00C04F79EFBC}") = "OOPNKatman_DataAccessLayer", "OOPNKatman_DataAccessLayer\OOPNKatman_DataAccessLayer.csproj", "{217E5E2A-73DF-4234-A0EE-F6477614DB53}"
EndProject
Project("{FAE04EC0-301F-11D3-BF4B-00C04F79EFBC}") = "OOPNKatman_EntityLayer", "OOPNKatman_EntityLayer\OOPNKatman_EntityLayer.csproj", "{7DB9BD19-7E69-4F99-8BDE-5F55BC984BCF}"
EndProject
Project("{FAE04EC0-301F-11D3-BF4B-00C04F79EFBC}") = "PresantationLayer", "PresantationLayer\PresantationLayer.csproj", "{4275F258-21E0-46D1-8D60-235ADB579C5E}"
EndProject
Global
	GlobalSection(SolutionConfigurationPlatforms) = preSolution
		Debug|Any CPU = Debug|Any CPU
		Release|Any CPU = Release|Any CPU
	EndGlobalSection
	GlobalSection(ProjectConfigurationPlatforms) = postSolution
		{0A9E2A0C-6AE9-4A05-963F-44875F107FD6}.Debug|Any CPU.ActiveCfg = Debug|Any CPU
		{0A9E2A0C-6AE9-4A05-963F-44875F107FD6}.Debug|Any CPU.Build.0 = Debug|Any CPU
		{0A9E2A0C-6AE9-4A05-963F-44875F107FD6}.Release|Any CPU.ActiveCfg = Release|Any CPU
		{0A9E2A0C-6AE9-4A05-963F-44875F107FD6}.Release|Any CPU.Build.0 = Release|Any CPU
		{217E5E2A-73DF-4234-A0EE-F6477614DB53}.Debug|Any CPU.ActiveCfg = Debug|Any CPU
		{217E5E2A-73DF-4234-A0EE-F6477614DB53}.Debug|Any CPU.Build.0 = Debug|Any CPU
		{217E5E2A-73DF-4234-A0EE-F6477614DB53}.Release|Any CPU.ActiveCfg = Release|Any CPU
		{217E5E2A-73DF-4234-A0EE-F6477614DB53}.Release|Any CPU.Build.0 = Release|Any CPU
		{7DB9BD19-7E69-4F99-8BDE-5F55BC984BCF}.Debug|Any CPU.ActiveCfg = Debug|Any CPU
		{7DB9BD19-7E69-4F99-8BDE-5F55BC984BCF}.Debug|Any CPU.Build.0 = Debug|Any CPU
		{7DB9BD19-7E69-4F99-8BDE-5F55BC984BCF}.Release|Any CPU.ActiveCfg = Release|Any CPU
		{7DB9BD19-7E69-4F99-8BDE-5F55BC984BCF}.Release|Any CPU.Build.0 = Release|Any CPU
		{4275F258-21E0-46D1-8D60-235ADB579C5E}.Debug|Any CPU.ActiveCfg = Debug|Any CPU
		{4275F258-21E0-46D1-8D60-235ADB579C5E}.Debug|Any CPU.Build.0 = Debug|Any CPU
		{4275F258-21E0-46D1-8D60-235ADB579C5E}.Release|Any CPU.ActiveCfg = Release|Any CPU
		{4275F258-21E0-46D1-8D60-235ADB579C5E}.Release|Any CPU.Build.0 = Release|Any CPU
	EndGlobalSection
	GlobalSection(SolutionProperties) = preSolution
		HideSolutionNode = FALSE
	EndGlobalSection
	GlobalSection(ExtensibilityGlobals) = postSolution
		SolutionGuid = {96A0B3C5-98CC-43C9-A0D8-8683EB6F759F}
	EndGlobalSection
EndGlobal
